dependencies:
- name: postgresql
  repository: https://kubernetes-charts.storage.googleapis.com/
  version: 6.5.3
- name: redis
  repository: https://kubernetes-charts.storage.googleapis.com/
  version: 9.5.3
digest: sha256:2793def4cf4e2d2321eae6499802b4e556d52d141669335b06b8822730be48c9
generated: "2019-11-14T14:40:50.006325254+08:00"
