dependencies:
- name: mongodb
  repository: https://kubernetes-charts.storage.googleapis.com/
  version: 7.4.4
- name: redis
  repository: https://kubernetes-charts.storage.googleapis.com/
  version: 9.5.3
digest: sha256:c05930586b5fea4b7f5f900350df37cd3b09858e5fa2bed9ff1a25982beabfec
generated: "2019-11-14T21:31:39.932999351+08:00"
